
Microsoft Visual Studio Solution File, Format Version 12.00
# Visual Studio Version 17
VisualStudioVersion = 17.9.34616.47
MinimumVisualStudioVersion = 10.0.40219.1
Project("{9A19103F-16F7-4668-BE54-9A1E7A4F7556}") = "Cinema.WebApi", "Cinema.WebApi\Cinema.WebApi.csproj", "{613425A8-7ADC-4CD7-8B83-A2FF864AFD3D}"
EndProject
Project("{2150E333-8FDC-42A3-9474-1A3956D46DE8}") = "src", "src", "{839DDF57-A825-476F-81B1-F9092C4CC205}"
EndProject
Project("{2150E333-8FDC-42A3-9474-1A3956D46DE8}") = "tests", "tests", "{B451E0D8-8E13-4A39-9565-E1D50CBE08B7}"
EndProject
Project("{FAE04EC0-301F-11D3-BF4B-00C04F79EFBC}") = "Cinema.Core", "Cinema.Core\Cinema.Core.csproj", "{9F0CE965-A544-4F00-A7FB-2231ADB491F8}"
EndProject
Project("{FAE04EC0-301F-11D3-BF4B-00C04F79EFBC}") = "Cinema.Infrastructure", "Cinema.Infrastructure\Cinema.Infrastructure.csproj", "{2A787E14-A34E-4927-BBA8-03CCBCF27717}"
EndProject
Global
	GlobalSection(SolutionConfigurationPlatforms) = preSolution
		Debug|Any CPU = Debug|Any CPU
		Release|Any CPU = Release|Any CPU
	EndGlobalSection
	GlobalSection(ProjectConfigurationPlatforms) = postSolution
		{613425A8-7ADC-4CD7-8B83-A2FF864AFD3D}.Debug|Any CPU.ActiveCfg = Debug|Any CPU
		{613425A8-7ADC-4CD7-8B83-A2FF864AFD3D}.Debug|Any CPU.Build.0 = Debug|Any CPU
		{613425A8-7ADC-4CD7-8B83-A2FF864AFD3D}.Release|Any CPU.ActiveCfg = Release|Any CPU
		{613425A8-7ADC-4CD7-8B83-A2FF864AFD3D}.Release|Any CPU.Build.0 = Release|Any CPU
		{9F0CE965-A544-4F00-A7FB-2231ADB491F8}.Debug|Any CPU.ActiveCfg = Debug|Any CPU
		{9F0CE965-A544-4F00-A7FB-2231ADB491F8}.Debug|Any CPU.Build.0 = Debug|Any CPU
		{9F0CE965-A544-4F00-A7FB-2231ADB491F8}.Release|Any CPU.ActiveCfg = Release|Any CPU
		{9F0CE965-A544-4F00-A7FB-2231ADB491F8}.Release|Any CPU.Build.0 = Release|Any CPU
		{2A787E14-A34E-4927-BBA8-03CCBCF27717}.Debug|Any CPU.ActiveCfg = Debug|Any CPU
		{2A787E14-A34E-4927-BBA8-03CCBCF27717}.Debug|Any CPU.Build.0 = Debug|Any CPU
		{2A787E14-A34E-4927-BBA8-03CCBCF27717}.Release|Any CPU.ActiveCfg = Release|Any CPU
		{2A787E14-A34E-4927-BBA8-03CCBCF27717}.Release|Any CPU.Build.0 = Release|Any CPU
	EndGlobalSection
	GlobalSection(SolutionProperties) = preSolution
		HideSolutionNode = FALSE
	EndGlobalSection
	GlobalSection(NestedProjects) = preSolution
		{613425A8-7ADC-4CD7-8B83-A2FF864AFD3D} = {839DDF57-A825-476F-81B1-F9092C4CC205}
		{9F0CE965-A544-4F00-A7FB-2231ADB491F8} = {839DDF57-A825-476F-81B1-F9092C4CC205}
		{2A787E14-A34E-4927-BBA8-03CCBCF27717} = {839DDF57-A825-476F-81B1-F9092C4CC205}
	EndGlobalSection
	GlobalSection(ExtensibilityGlobals) = postSolution
		SolutionGuid = {70FE6FF5-4CBA-42FE-B021-5E15C92EF611}
	EndGlobalSection
EndGlobal
